PODS:
  - Alamofire (5.7.1)
  - AlamofireImage (4.2.0):
    - Alamofire (~> 5.4)
  - SwiftMessages (9.0.6):
    - SwiftMessages/App (= 9.0.6)
  - SwiftMessages/App (9.0.6)

DEPENDENCIES:
  - Alamofire
  - AlamofireImage
  - SwiftMessages

SPEC REPOS:
  trunk:
    - Alamofire
    - AlamofireImage
    - SwiftMessages

SPEC CHECKSUMS:
  Alamofire: 0123a34370cb170936ae79a8df46cc62b2edeb88
  AlamofireImage: 34a2d90b0e5fe6a5605f85ae4b7b01e784c60192
  SwiftMessages: f0c7ef4705a570ad6c5e208b611f4333e660ed92

PODFILE CHECKSUM: 41b76323b09ebd4f166fa48ed2341cdf04494ebb

COCOAPODS: 1.12.1
